
Microsoft Visual Studio Solution File, Format Version 10.00
# Visual Studio 2008
Project("{8BC9CEB8-8B4A-11D0-8D11-00A0C91BC942}") = "ServerByEventSelect", "ServerByEventSelect\ServerByEventSelect.vcproj", "{F8D26935-2007-4449-AB01-10620E7CB2F3}"
EndProject
Project("{8BC9CEB8-8B4A-11D0-8D11-00A0C91BC942}") = "TCPClient", "..\TCPClient\TCPClient\TCPClient.vcproj", "{C2DF898B-FEAC-4AA8-A248-177213B652AF}"
EndProject
Global
	GlobalSection(SolutionConfigurationPlatforms) = preSolution
		Debug|Win32 = Debug|Win32
		Release|Win32 = Release|Win32
	EndGlobalSection
	GlobalSection(ProjectConfigurationPlatforms) = postSolution
		{F8D26935-2007-4449-AB01-10620E7CB2F3}.Debug|Win32.ActiveCfg = Debug|Win32
		{F8D26935-2007-4449-AB01-10620E7CB2F3}.Debug|Win32.Build.0 = Debug|Win32
		{F8D26935-2007-4449-AB01-10620E7CB2F3}.Release|Win32.ActiveCfg = Release|Win32
		{F8D26935-2007-4449-AB01-10620E7CB2F3}.Release|Win32.Build.0 = Release|Win32
		{C2DF898B-FEAC-4AA8-A248-177213B652AF}.Debug|Win32.ActiveCfg = Debug|Win32
		{C2DF898B-FEAC-4AA8-A248-177213B652AF}.Debug|Win32.Build.0 = Debug|Win32
		{C2DF898B-FEAC-4AA8-A248-177213B652AF}.Release|Win32.ActiveCfg = Release|Win32
		{C2DF898B-FEAC-4AA8-A248-177213B652AF}.Release|Win32.Build.0 = Release|Win32
	EndGlobalSection
	GlobalSection(SolutionProperties) = preSolution
		HideSolutionNode = FALSE
	EndGlobalSection
EndGlobal
